// !$*UTF8*$!
{
	archiveVersion = 1;
	classes = {
	};
	objectVersion = 56;
	objects = {

/* Begin PBXBuildFile section */
		671164D22A43A6C5008B309A /* AppDelegate.swift in Sources */ = {isa = PBXBuildFile; fileRef = 671164D12A43A6C5008B309A /* AppDelegate.swift */; };
		671164D42A43A6C5008B309A /* SceneDelegate.swift in Sources */ = {isa = PBXBuildFile; fileRef = 671164D32A43A6C5008B309A /* SceneDelegate.swift */; };
		671164D62A43A6C6008B309A /* ViewController.swift in Sources */ = {isa = PBXBuildFile; fileRef = 671164D52A43A6C6008B309A /* ViewController.swift */; };
		671164D92A43A6C6008B309A /* Main.storyboard in Resources */ = {isa = PBXBuildFile; fileRef = 671164D72A43A6C6008B309A /* Main.storyboard */; };
		671164DB2A43A6C7008B309A /* Assets.xcassets in Resources */ = {isa = PBXBuildFile; fileRef = 671164DA2A43A6C7008B309A /* Assets.xcassets */; };
		671164DE2A43A6C7008B309A /* LaunchScreen.storyboard in Resources */ = {isa = PBXBuildFile; fileRef = 671164DC2A43A6C7008B309A /* LaunchScreen.storyboard */; };
		671164E92A43A6C8008B309A /* Escola_SabatinaTests.swift in Sources */ = {isa = PBXBuildFile; fileRef = 671164E82A43A6C8008B309A /* Escola_SabatinaTests.swift */; };
		671164F32A43A6C8008B309A /* Escola_SabatinaUITests.swift in Sources */ = {isa = PBXBuildFile; fileRef = 671164F22A43A6C8008B309A /* Escola_SabatinaUITests.swift */; };
		671164F52A43A6C8008B309A /* Escola_SabatinaUITestsLaunchTests.swift in Sources */ = {isa = PBXBuildFile; fileRef = 671164F42A43A6C8008B309A /* Escola_SabatinaUITestsLaunchTests.swift */; };
/* End PBXBuildFile section */

/* Begin PBXContainerItemProxy section */
		671164E52A43A6C8008B309A /* PBXContainerItemProxy */ = {
			isa = PBXContainerItemProxy;
			containerPortal = 671164C62A43A6C5008B309A /* Project object */;
			proxyType = 1;
			remoteGlobalIDString = 671164CD2A43A6C5008B309A;
			remoteInfo = "Escola Sabatina";
		};
		671164EF2A43A6C8008B309A /* PBXContainerItemProxy */ = {
			isa = PBXContainerItemProxy;
			containerPortal = 671164C62A43A6C5008B309A /* Project object */;
			proxyType = 1;
			remoteGlobalIDString = 671164CD2A43A6C5008B309A;
			remoteInfo = "Escola Sabatina";
		};
/* End PBXContainerItemProxy section */

/* Begin PBXFileReference section */
		671164CE2A43A6C5008B309A /* Escola Sabatina.app */ = {isa = PBXFileReference; explicitFileType = wrapper.application; includeInIndex = 0; path = "Escola Sabatina.app"; sourceTree = BUILT_PRODUCTS_DIR; };
		671164D12A43A6C5008B309A /* AppDelegate.swift */ = {isa = PBXFileReference; lastKnownFileType = sourcecode.swift; path = AppDelegate.swift; sourceTree = "<group>"; };
		671164D32A43A6C5008B309A /* SceneDelegate.swift */ = {isa = PBXFileReference; lastKnownFileType = sourcecode.swift; path = SceneDelegate.swift; sourceTree = "<group>"; };
		671164D52A43A6C6008B309A /* ViewController.swift */ = {isa = PBXFileReference; lastKnownFileType = sourcecode.swift; path = ViewController.swift; sourceTree = "<group>"; };
		671164D82A43A6C6008B309A /* Base */ = {isa = PBXFileReference; lastKnownFileType = file.storyboard; name = Base; path = Base.lproj/Main.storyboard; sourceTree = "<group>"; };
		671164DA2A43A6C7008B309A /* Assets.xcassets */ = {isa = PBXFileReference; lastKnownFileType = folder.assetcatalog; path = Assets.xcassets; sourceTree = "<group>"; };
		671164DD2A43A6C7008B309A /* Base */ = {isa = PBXFileReference; lastKnownFileType = file.storyboard; name = Base; path = Base.lproj/LaunchScreen.storyboard; sourceTree = "<group>"; };
		671164DF2A43A6C7008B309A /* Info.plist */ = {isa = PBXFileReference; lastKnownFileType = text.plist.xml; path = Info.plist; sourceTree = "<group>"; };
		671164E42A43A6C8008B309A /* Escola SabatinaTests.xctest */ = {isa = PBXFileReference; explicitFileType = wrapper.cfbundle; includeInIndex = 0; path = "Escola SabatinaTests.xctest"; sourceTree = BUILT_PRODUCTS_DIR; };
		671164E82A43A6C8008B309A /* Escola_SabatinaTests.swift */ = {isa = PBXFileReference; lastKnownFileType = sourcecode.swift; path = Escola_SabatinaTests.swift; sourceTree = "<group>"; };
		671164EE2A43A6C8008B309A /* Escola SabatinaUITests.xctest */ = {isa = PBXFileReference; explicitFileType = wrapper.cfbundle; includeInIndex = 0; path = "Escola SabatinaUITests.xctest"; sourceTree = BUILT_PRODUCTS_DIR; };
		671164F22A43A6C8008B309A /* Escola_SabatinaUITests.swift */ = {isa = PBXFileReference; lastKnownFileType = sourcecode.swift; path = Escola_SabatinaUITests.swift; sourceTree = "<group>"; };
		671164F42A43A6C8008B309A /* Escola_SabatinaUITestsLaunchTests.swift */ = {isa = PBXFileReference; lastKnownFileType = sourcecode.swift; path = Escola_SabatinaUITestsLaunchTests.swift; sourceTree = "<group>"; };
/* End PBXFileReference section */

/* Begin PBXFrameworksBuildPhase section */
		671164CB2A43A6C5008B309A /* Frameworks */ = {
			isa = PBXFrameworksBuildPhase;
			buildActionMask = 2147483647;
			files = (
			);
			runOnlyForDeploymentPostprocessing = 0;
		};
		671164E12A43A6C8008B309A /* Frameworks */ = {
			isa = PBXFrameworksBuildPhase;
			buildActionMask = 2147483647;
			files = (
			);
			runOnlyForDeploymentPostprocessing = 0;
		};
		671164EB2A43A6C8008B309A /* Frameworks */ = {
			isa = PBXFrameworksBuildPhase;
			buildActionMask = 2147483647;
			files = (
			);
			runOnlyForDeploymentPostprocessing = 0;
		};
/* End PBXFrameworksBuildPhase section */

/* Begin PBXGroup section */
		671164C52A43A6C5008B309A = {
			isa = PBXGroup;
			children = (
				671164D02A43A6C5008B309A /* Escola Sabatina */,
				671164E72A43A6C8008B309A /* Escola SabatinaTests */,
				671164F12A43A6C8008B309A /* Escola SabatinaUITests */,
				671164CF2A43A6C5008B309A /* Products */,
			);
			sourceTree = "<group>";
		};
		671164CF2A43A6C5008B309A /* Products */ = {
			isa = PBXGroup;
			children = (
				671164CE2A43A6C5008B309A /* Escola Sabatina.app */,
				671164E42A43A6C8008B309A /* Escola SabatinaTests.xctest */,
				671164EE2A43A6C8008B309A /* Escola SabatinaUITests.xctest */,
			);
			name = Products;
			sourceTree = "<group>";
		};
		671164D02A43A6C5008B309A /* Escola Sabatina */ = {
			isa = PBXGroup;
			children = (
				671164D12A43A6C5008B309A /* AppDelegate.swift */,
				671164D32A43A6C5008B309A /* SceneDelegate.swift */,
				671164D52A43A6C6008B309A /* ViewController.swift */,
				671164D72A43A6C6008B309A /* Main.storyboard */,
				671164DA2A43A6C7008B309A /* Assets.xcassets */,
				671164DC2A43A6C7008B309A /* LaunchScreen.storyboard */,
				671164DF2A43A6C7008B309A /* Info.plist */,
			);
			path = "Escola Sabatina";
			sourceTree = "<group>";
		};
		671164E72A43A6C8008B309A /* Escola SabatinaTests */ = {
			isa = PBXGroup;
			children = (
				671164E82A43A6C8008B309A /* Escola_SabatinaTests.swift */,
			);
			path = "Escola SabatinaTests";
			sourceTree = "<group>";
		};
		671164F12A43A6C8008B309A /* Escola SabatinaUITests */ = {
			isa = PBXGroup;
			children = (
				671164F22A43A6C8008B309A /* Escola_SabatinaUITests.swift */,
				671164F42A43A6C8008B309A /* Escola_SabatinaUITestsLaunchTests.swift */,
			);
			path = "Escola SabatinaUITests";
			sourceTree = "<group>";
		};
/* End PBXGroup section */

/* Begin PBXNativeTarget section */
		671164CD2A43A6C5008B309A /* Escola Sabatina */ = {
			isa = PBXNativeTarget;
			buildConfigurationList = 671164F82A43A6C8008B309A /* Build configuration list for PBXNativeTarget "Escola Sabatina" */;
			buildPhases = (
				671164CA2A43A6C5008B309A /* Sources */,
				671164CB2A43A6C5008B309A /* Frameworks */,
				671164CC2A43A6C5008B309A /* Resources */,
			);
			buildRules = (
			);
			dependencies = (
			);
			name = "Escola Sabatina";
			productName = "Escola Sabatina";
			productReference = 671164CE2A43A6C5008B309A /* Escola Sabatina.app */;
			productType = "com.apple.product-type.application";
		};
		671164E32A43A6C8008B309A /* Escola SabatinaTests */ = {
			isa = PBXNativeTarget;
			buildConfigurationList = 671164FB2A43A6C8008B309A /* Build configuration list for PBXNativeTarget "Escola SabatinaTests" */;
			buildPhases = (
				671164E02A43A6C8008B309A /* Sources */,
				671164E12A43A6C8008B309A /* Frameworks */,
				671164E22A43A6C8008B309A /* Resources */,
			);
			buildRules = (
			);
			dependencies = (
				671164E62A43A6C8008B309A /* PBXTargetDependency */,
			);
			name = "Escola SabatinaTests";
			productName = "Escola SabatinaTests";
			productReference = 671164E42A43A6C8008B309A /* Escola SabatinaTests.xctest */;
			productType = "com.apple.product-type.bundle.unit-test";
		};
		671164ED2A43A6C8008B309A /* Escola SabatinaUITests */ = {
			isa = PBXNativeTarget;
			buildConfigurationList = 671164FE2A43A6C8008B309A /* Build configuration list for PBXNativeTarget "Escola SabatinaUITests" */;
			buildPhases = (
				671164EA2A43A6C8008B309A /* Sources */,
				671164EB2A43A6C8008B309A /* Frameworks */,
				671164EC2A43A6C8008B309A /* Resources */,
			);
			buildRules = (
			);
			dependencies = (
				671164F02A43A6C8008B309A /* PBXTargetDependency */,
			);
			name = "Escola SabatinaUITests";
			productName = "Escola SabatinaUITests";
			productReference = 671164EE2A43A6C8008B309A /* Escola SabatinaUITests.xctest */;
			productType = "com.apple.product-type.bundle.ui-testing";
		};
/* End PBXNativeTarget section */

/* Begin PBXProject section */
		671164C62A43A6C5008B309A /* Project object */ = {
			isa = PBXProject;
			attributes = {
				BuildIndependentTargetsInParallel = 1;
				LastSwiftUpdateCheck = 1420;
				LastUpgradeCheck = 1420;
				TargetAttributes = {
					671164CD2A43A6C5008B309A = {
						CreatedOnToolsVersion = 14.2;
					};
					671164E32A43A6C8008B309A = {
						CreatedOnToolsVersion = 14.2;
						TestTargetID = 671164CD2A43A6C5008B309A;
					};
					671164ED2A43A6C8008B309A = {
						CreatedOnToolsVersion = 14.2;
						TestTargetID = 671164CD2A43A6C5008B309A;
					};
				};
			};
			buildConfigurationList = 671164C92A43A6C5008B309A /* Build configuration list for PBXProject "Escola Sabatina" */;
			compatibilityVersion = "Xcode 14.0";
			developmentRegion = en;
			hasScannedForEncodings = 0;
			knownRegions = (
				en,
				Base,
			);
			mainGroup = 671164C52A43A6C5008B309A;
			productRefGroup = 671164CF2A43A6C5008B309A /* Products */;
			projectDirPath = "";
			projectRoot = "";
			targets = (
				671164CD2A43A6C5008B309A /* Escola Sabatina */,
				671164E32A43A6C8008B309A /* Escola SabatinaTests */,
				671164ED2A43A6C8008B309A /* Escola SabatinaUITests */,
			);
		};
/* End PBXProject section */

/* Begin PBXResourcesBuildPhase section */
		671164CC2A43A6C5008B309A /* Resources */ = {
			isa = PBXResourcesBuildPhase;
			buildActionMask = 2147483647;
			files = (
				671164DE2A43A6C7008B309A /* LaunchScreen.storyboard in Resources */,
				671164DB2A43A6C7008B309A /* Assets.xcassets in Resources */,
				671164D92A43A6C6008B309A /* Main.storyboard in Resources */,
			);
			runOnlyForDeploymentPostprocessing = 0;
		};
		671164E22A43A6C8008B309A /* Resources */ = {
			isa = PBXResourcesBuildPhase;
			buildActionMask = 2147483647;
			files = (
			);
			runOnlyForDeploymentPostprocessing = 0;
		};
		671164EC2A43A6C8008B309A /* Resources */ = {
			isa = PBXResourcesBuildPhase;
			buildActionMask = 2147483647;
			files = (
			);
			runOnlyForDeploymentPostprocessing = 0;
		};
/* End PBXResourcesBuildPhase section */

/* Begin PBXSourcesBuildPhase section */
		671164CA2A43A6C5008B309A /* Sources */ = {
			isa = PBXSourcesBuildPhase;
			buildActionMask = 2147483647;
			files = (
				671164D62A43A6C6008B309A /* ViewController.swift in Sources */,
				671164D22A43A6C5008B309A /* AppDelegate.swift in Sources */,
				671164D42A43A6C5008B309A /* SceneDelegate.swift in Sources */,
			);
			runOnlyForDeploymentPostprocessing = 0;
		};
		671164E02A43A6C8008B309A /* Sources */ = {
			isa = PBXSourcesBuildPhase;
			buildActionMask = 2147483647;
			files = (
				671164E92A43A6C8008B309A /* Escola_SabatinaTests.swift in Sources */,
			);
			runOnlyForDeploymentPostprocessing = 0;
		};
		671164EA2A43A6C8008B309A /* Sources */ = {
			isa = PBXSourcesBuildPhase;
			buildActionMask = 2147483647;
			files = (
				671164F52A43A6C8008B309A /* Escola_SabatinaUITestsLaunchTests.swift in Sources */,
				671164F32A43A6C8008B309A /* Escola_SabatinaUITests.swift in Sources */,
			);
			runOnlyForDeploymentPostprocessing = 0;
		};
/* End PBXSourcesBuildPhase section */

/* Begin PBXTargetDependency section */
		671164E62A43A6C8008B309A /* PBXTargetDependency */ = {
			isa = PBXTargetDependency;
			target = 671164CD2A43A6C5008B309A /* Escola Sabatina */;
			targetProxy = 671164E52A43A6C8008B309A /* PBXContainerItemProxy */;
		};
		671164F02A43A6C8008B309A /* PBXTargetDependency */ = {
			isa = PBXTargetDependency;
			target = 671164CD2A43A6C5008B309A /* Escola Sabatina */;
			targetProxy = 671164EF2A43A6C8008B309A /* PBXContainerItemProxy */;
		};
/* End PBXTargetDependency section */

/* Begin PBXVariantGroup section */
		671164D72A43A6C6008B309A /* Main.storyboard */ = {
			isa = PBXVariantGroup;
			children = (
				671164D82A43A6C6008B309A /* Base */,
			);
			name = Main.storyboard;
			sourceTree = "<group>";
		};
		671164DC2A43A6C7008B309A /* LaunchScreen.storyboard */ = {
			isa = PBXVariantGroup;
			children = (
				671164DD2A43A6C7008B309A /* Base */,
			);
			name = LaunchScreen.storyboard;
			sourceTree = "<group>";
		};
/* End PBXVariantGroup section */

/* Begin XCBuildConfiguration section */
		671164F62A43A6C8008B309A /* Debug */ = {
			isa = XCBuildConfiguration;
			buildSettings = {
				ALWAYS_SEARCH_USER_PATHS = NO;
				CLANG_ANALYZER_NONNULL = YES;
				CLANG_ANALYZER_NUMBER_OBJECT_CONVERSION = YES_AGGRESSIVE;
				CLANG_CXX_LANGUAGE_STANDARD = "gnu++20";
				CLANG_ENABLE_MODULES = YES;
				CLANG_ENABLE_OBJC_ARC = YES;
				CLANG_ENABLE_OBJC_WEAK = YES;
				CLANG_WARN_BLOCK_CAPTURE_AUTORELEASING = YES;
				CLANG_WARN_BOOL_CONVERSION = YES;
				CLANG_WARN_COMMA = YES;
				CLANG_WARN_CONSTANT_CONVERSION = YES;
				CLANG_WARN_DEPRECATED_OBJC_IMPLEMENTATIONS = YES;
				CLANG_WARN_DIRECT_OBJC_ISA_USAGE = YES_ERROR;
				CLANG_WARN_DOCUMENTATION_COMMENTS = YES;
				CLANG_WARN_EMPTY_BODY = YES;
				CLANG_WARN_ENUM_CONVERSION = YES;
				CLANG_WARN_INFINITE_RECURSION = YES;
				CLANG_WARN_INT_CONVERSION = YES;
				CLANG_WARN_NON_LITERAL_NULL_CONVERSION = YES;
				CLANG_WARN_OBJC_IMPLICIT_RETAIN_SELF = YES;
				CLANG_WARN_OBJC_LITERAL_CONVERSION = YES;
				CLANG_WARN_OBJC_ROOT_CLASS = YES_ERROR;
				CLANG_WARN_QUOTED_INCLUDE_IN_FRAMEWORK_HEADER = YES;
				CLANG_WARN_RANGE_LOOP_ANALYSIS = YES;
				CLANG_WARN_STRICT_PROTOTYPES = YES;
				CLANG_WARN_SUSPICIOUS_MOVE = YES;
				CLANG_WARN_UNGUARDED_AVAILABILITY = YES_AGGRESSIVE;
				CLANG_WARN_UNREACHABLE_CODE = YES;
				CLANG_WARN__DUPLICATE_METHOD_MATCH = YES;
				COPY_PHASE_STRIP = NO;
				DEBUG_INFORMATION_FORMAT = dwarf;
				ENABLE_STRICT_OBJC_MSGSEND = YES;
				ENABLE_TESTABILITY = YES;
				GCC_C_LANGUAGE_STANDARD = gnu11;
				GCC_DYNAMIC_NO_PIC = NO;
				GCC_NO_COMMON_BLOCKS = YES;
				GCC_OPTIMIZATION_LEVEL = 0;
				GCC_PREPROCESSOR_DEFINITIONS = (
					"DEBUG=1",
					"$(inherited)",
				);
				GCC_WARN_64_TO_32_BIT_CONVERSION = YES;
				GCC_WARN_ABOUT_RETURN_TYPE = YES_ERROR;
				GCC_WARN_UNDECLARED_SELECTOR = YES;
				GCC_WARN_UNINITIALIZED_AUTOS = YES_AGGRESSIVE;
				GCC_WARN_UNUSED_FUNCTION = YES;
				GCC_WARN_UNUSED_VARIABLE = YES;
				IPHONEOS_DEPLOYMENT_TARGET = 16.2;
				MTL_ENABLE_DEBUG_INFO = INCLUDE_SOURCE;
				MTL_FAST_MATH = YES;
				ONLY_ACTIVE_ARCH = YES;
				SDKROOT = iphoneos;
				SWIFT_ACTIVE_COMPILATION_CONDITIONS = DEBUG;
				SWIFT_OPTIMIZATION_LEVEL = "-Onone";
			};
			name = Debug;
		};
		671164F72A43A6C8008B309A /* Release */ = {
			isa = XCBuildConfiguration;
			buildSettings = {
				ALWAYS_SEARCH_USER_PATHS = NO;
				CLANG_ANALYZER_NONNULL = YES;
				CLANG_ANALYZER_NUMBER_OBJECT_CONVERSION = YES_AGGRESSIVE;
				CLANG_CXX_LANGUAGE_STANDARD = "gnu++20";
				CLANG_ENABLE_MODULES = YES;
				CLANG_ENABLE_OBJC_ARC = YES;
				CLANG_ENABLE_OBJC_WEAK = YES;
				CLANG_WARN_BLOCK_CAPTURE_AUTORELEASING = YES;
				CLANG_WARN_BOOL_CONVERSION = YES;
				CLANG_WARN_COMMA = YES;
				CLANG_WARN_CONSTANT_CONVERSION = YES;
				CLANG_WARN_DEPRECATED_OBJC_IMPLEMENTATIONS = YES;
				CLANG_WARN_DIRECT_OBJC_ISA_USAGE = YES_ERROR;
				CLANG_WARN_DOCUMENTATION_COMMENTS = YES;
				CLANG_WARN_EMPTY_BODY = YES;
				CLANG_WARN_ENUM_CONVERSION = YES;
				CLANG_WARN_INFINITE_RECURSION = YES;
				CLANG_WARN_INT_CONVERSION = YES;
				CLANG_WARN_NON_LITERAL_NULL_CONVERSION = YES;
				CLANG_WARN_OBJC_IMPLICIT_RETAIN_SELF = YES;
				CLANG_WARN_OBJC_LITERAL_CONVERSION = YES;
				CLANG_WARN_OBJC_ROOT_CLASS = YES_ERROR;
				CLANG_WARN_QUOTED_INCLUDE_IN_FRAMEWORK_HEADER = YES;
				CLANG_WARN_RANGE_LOOP_ANALYSIS = YES;
				CLANG_WARN_STRICT_PROTOTYPES = YES;
				CLANG_WARN_SUSPICIOUS_MOVE = YES;
				CLANG_WARN_UNGUARDED_AVAILABILITY = YES_AGGRESSIVE;
				CLANG_WARN_UNREACHABLE_CODE = YES;
				CLANG_WARN__DUPLICATE_METHOD_MATCH = YES;
				COPY_PHASE_STRIP = NO;
				DEBUG_INFORMATION_FORMAT = "dwarf-with-dsym";
				ENABLE_NS_ASSERTIONS = NO;
				ENABLE_STRICT_OBJC_MSGSEND = YES;
				GCC_C_LANGUAGE_STANDARD = gnu11;
				GCC_NO_COMMON_BLOCKS = YES;
				GCC_WARN_64_TO_32_BIT_CONVERSION = YES;
				GCC_WARN_ABOUT_RETURN_TYPE = YES_ERROR;
				GCC_WARN_UNDECLARED_SELECTOR = YES;
				GCC_WARN_UNINITIALIZED_AUTOS = YES_AGGRESSIVE;
				GCC_WARN_UNUSED_FUNCTION = YES;
				GCC_WARN_UNUSED_VARIABLE = YES;
				IPHONEOS_DEPLOYMENT_TARGET = 16.2;
				MTL_ENABLE_DEBUG_INFO = NO;
				MTL_FAST_MATH = YES;
				SDKROOT = iphoneos;
				SWIFT_COMPILATION_MODE = wholemodule;
				SWIFT_OPTIMIZATION_LEVEL = "-O";
				VALIDATE_PRODUCT = YES;
			};
			name = Release;
		};
		671164F92A43A6C8008B309A /* Debug */ = {
			isa = XCBuildConfiguration;
			buildSettings = {
				ASSETCATALOG_COMPILER_APPICON_NAME = AppIcon;
				ASSETCATALOG_COMPILER_GLOBAL_ACCENT_COLOR_NAME = AccentColor;
				CODE_SIGN_STYLE = Automatic;
				CURRENT_PROJECT_VERSION = 1;
				GENERATE_INFOPLIST_FILE = YES;
				INFOPLIST_FILE = "Escola Sabatina/Info.plist";
				INFOPLIST_KEY_UIApplicationSupportsIndirectInputEvents = YES;
				INFOPLIST_KEY_UILaunchStoryboardName = LaunchScreen;
				INFOPLIST_KEY_UIMainStoryboardFile = Main;
				INFOPLIST_KEY_UISupportedInterfaceOrientations_iPad = "UIInterfaceOrientationPortrait UIInterfaceOrientationPortraitUpsideDown UIInterfaceOrientationLandscapeLeft UIInterfaceOrientationLandscapeRight";
				INFOPLIST_KEY_UISupportedInterfaceOrientations_iPhone = "UIInterfaceOrientationPortrait UIInterfaceOrientationLandscapeLeft UIInterfaceOrientationLandscapeRight";
				LD_RUNPATH_SEARCH_PATHS = (
					"$(inherited)",
					"@executable_path/Frameworks",
				);
				MARKETING_VERSION = 1.0;
				PRODUCT_BUNDLE_IDENTIFIER = "Igloocode.Escola-Sabatina";
				PRODUCT_NAME = "$(TARGET_NAME)";
				SWIFT_EMIT_LOC_STRINGS = YES;
				SWIFT_VERSION = 5.0;
				TARGETED_DEVICE_FAMILY = "1,2";
			};
			name = Debug;
		};
		671164FA2A43A6C8008B309A /* Release */ = {
			isa = XCBuildConfiguration;
			buildSettings = {
				ASSETCATALOG_COMPILER_APPICON_NAME = AppIcon;
				ASSETCATALOG_COMPILER_GLOBAL_ACCENT_COLOR_NAME = AccentColor;
				CODE_SIGN_STYLE = Automatic;
				CURRENT_PROJECT_VERSION = 1;
				GENERATE_INFOPLIST_FILE = YES;
				INFOPLIST_FILE = "Escola Sabatina/Info.plist";
				INFOPLIST_KEY_UIApplicationSupportsIndirectInputEvents = YES;
				INFOPLIST_KEY_UILaunchStoryboardName = LaunchScreen;
				INFOPLIST_KEY_UIMainStoryboardFile = Main;
				INFOPLIST_KEY_UISupportedInterfaceOrientations_iPad = "UIInterfaceOrientationPortrait UIInterfaceOrientationPortraitUpsideDown UIInterfaceOrientationLandscapeLeft UIInterfaceOrientationLandscapeRight";
				INFOPLIST_KEY_UISupportedInterfaceOrientations_iPhone = "UIInterfaceOrientationPortrait UIInterfaceOrientationLandscapeLeft UIInterfaceOrientationLandscapeRight";
				LD_RUNPATH_SEARCH_PATHS = (
					"$(inherited)",
					"@executable_path/Frameworks",
				);
				MARKETING_VERSION = 1.0;
				PRODUCT_BUNDLE_IDENTIFIER = "Igloocode.Escola-Sabatina";
				PRODUCT_NAME = "$(TARGET_NAME)";
				SWIFT_EMIT_LOC_STRINGS = YES;
				SWIFT_VERSION = 5.0;
				TARGETED_DEVICE_FAMILY = "1,2";
			};
			name = Release;
		};
		671164FC2A43A6C8008B309A /* Debug */ = {
			isa = XCBuildConfiguration;
			buildSettings = {
				ALWAYS_EMBED_SWIFT_STANDARD_LIBRARIES = YES;
				BUNDLE_LOADER = "$(TEST_HOST)";
				CODE_SIGN_STYLE = Automatic;
				CURRENT_PROJECT_VERSION = 1;
				GENERATE_INFOPLIST_FILE = YES;
				IPHONEOS_DEPLOYMENT_TARGET = 16.2;
				MARKETING_VERSION = 1.0;
				PRODUCT_BUNDLE_IDENTIFIER = "Igloocode.Escola-SabatinaTests";
				PRODUCT_NAME = "$(TARGET_NAME)";
				SWIFT_EMIT_LOC_STRINGS = NO;
				SWIFT_VERSION = 5.0;
				TARGETED_DEVICE_FAMILY = "1,2";
				TEST_HOST = "$(BUILT_PRODUCTS_DIR)/Escola Sabatina.app/$(BUNDLE_EXECUTABLE_FOLDER_PATH)/Escola Sabatina";
			};
			name = Debug;
		};
		671164FD2A43A6C8008B309A /* Release */ = {
			isa = XCBuildConfiguration;
			buildSettings = {
				ALWAYS_EMBED_SWIFT_STANDARD_LIBRARIES = YES;
				BUNDLE_LOADER = "$(TEST_HOST)";
				CODE_SIGN_STYLE = Automatic;
				CURRENT_PROJECT_VERSION = 1;
				GENERATE_INFOPLIST_FILE = YES;
				IPHONEOS_DEPLOYMENT_TARGET = 16.2;
				MARKETING_VERSION = 1.0;
				PRODUCT_BUNDLE_IDENTIFIER = "Igloocode.Escola-SabatinaTests";
				PRODUCT_NAME = "$(TARGET_NAME)";
				SWIFT_EMIT_LOC_STRINGS = NO;
				SWIFT_VERSION = 5.0;
				TARGETED_DEVICE_FAMILY = "1,2";
				TEST_HOST = "$(BUILT_PRODUCTS_DIR)/Escola Sabatina.app/$(BUNDLE_EXECUTABLE_FOLDER_PATH)/Escola Sabatina";
			};
			name = Release;
		};
		671164FF2A43A6C8008B309A /* Debug */ = {
			isa = XCBuildConfiguration;
			buildSettings = {
				ALWAYS_EMBED_SWIFT_STANDARD_LIBRARIES = YES;
				CODE_SIGN_STYLE = Automatic;
				CURRENT_PROJECT_VERSION = 1;
				GENERATE_INFOPLIST_FILE = YES;
				MARKETING_VERSION = 1.0;
				PRODUCT_BUNDLE_IDENTIFIER = "Igloocode.Escola-SabatinaUITests";
				PRODUCT_NAME = "$(TARGET_NAME)";
				SWIFT_EMIT_LOC_STRINGS = NO;
				SWIFT_VERSION = 5.0;
				TARGETED_DEVICE_FAMILY = "1,2";
				TEST_TARGET_NAME = "Escola Sabatina";
			};
			name = Debug;
		};
		671165002A43A6C8008B309A /* Release */ = {
			isa = XCBuildConfiguration;
			buildSettings = {
				ALWAYS_EMBED_SWIFT_STANDARD_LIBRARIES = YES;
				CODE_SIGN_STYLE = Automatic;
				CURRENT_PROJECT_VERSION = 1;
				GENERATE_INFOPLIST_FILE = YES;
				MARKETING_VERSION = 1.0;
				PRODUCT_BUNDLE_IDENTIFIER = "Igloocode.Escola-SabatinaUITests";
				PRODUCT_NAME = "$(TARGET_NAME)";
				SWIFT_EMIT_LOC_STRINGS = NO;
				SWIFT_VERSION = 5.0;
				TARGETED_DEVICE_FAMILY = "1,2";
				TEST_TARGET_NAME = "Escola Sabatina";
			};
			name = Release;
		};
/* End XCBuildConfiguration section */

/* Begin XCConfigurationList section */
		671164C92A43A6C5008B309A /* Build configuration list for PBXProject "Escola Sabatina" */ = {
			isa = XCConfigurationList;
			buildConfigurations = (
				671164F62A43A6C8008B309A /* Debug */,
				671164F72A43A6C8008B309A /* Release */,
			);
			defaultConfigurationIsVisible = 0;
			defaultConfigurationName = Release;
		};
		671164F82A43A6C8008B309A /* Build configuration list for PBXNativeTarget "Escola Sabatina" */ = {
			isa = XCConfigurationList;
			buildConfigurations = (
				671164F92A43A6C8008B309A /* Debug */,
				671164FA2A43A6C8008B309A /* Release */,
			);
			defaultConfigurationIsVisible = 0;
			defaultConfigurationName = Release;
		};
		671164FB2A43A6C8008B309A /* Build configuration list for PBXNativeTarget "Escola SabatinaTests" */ = {
			isa = XCConfigurationList;
			buildConfigurations = (
				671164FC2A43A6C8008B309A /* Debug */,
				671164FD2A43A6C8008B309A /* Release */,
			);
			defaultConfigurationIsVisible = 0;
			defaultConfigurationName = Release;
		};
		671164FE2A43A6C8008B309A /* Build configuration list for PBXNativeTarget "Escola SabatinaUITests" */ = {
			isa = XCConfigurationList;
			buildConfigurations = (
				671164FF2A43A6C8008B309A /* Debug */,
				671165002A43A6C8008B309A /* Release */,
			);
			defaultConfigurationIsVisible = 0;
			defaultConfigurationName = Release;
		};
/* End XCConfigurationList section */
	};
	rootObject = 671164C62A43A6C5008B309A /* Project object */;
}
