// !$*UTF8*$!
{
	archiveVersion = 1;
	classes = {
	};
	objectVersion = 56;
	objects = {

/* Begin PBXBuildFile section */
		486FC5ACD19709B83E6975AB /* Pods_Escola_Sabatina.framework in Frameworks */ = {isa = PBXBuildFile; fileRef = 4D1A8D9EFADC2ED84CF21453 /* Pods_Escola_Sabatina.framework */; };
		670358382A4CB06F00085FB7 /* LanguageViewModel.swift in Sources */ = {isa = PBXBuildFile; fileRef = 670358372A4CB06F00085FB7 /* LanguageViewModel.swift */; };
		670358492A4F209800085FB7 /* QuarterliesService.swift in Sources */ = {isa = PBXBuildFile; fileRef = 670358482A4F209800085FB7 /* QuarterliesService.swift */; };
		6703584C2A4F24B800085FB7 /* QuarterlyViewModel.swift in Sources */ = {isa = PBXBuildFile; fileRef = 6703584B2A4F24B800085FB7 /* QuarterlyViewModel.swift */; };
		671164D22A43A6C5008B309A /* AppDelegate.swift in Sources */ = {isa = PBXBuildFile; fileRef = 671164D12A43A6C5008B309A /* AppDelegate.swift */; };
		671164D42A43A6C5008B309A /* SceneDelegate.swift in Sources */ = {isa = PBXBuildFile; fileRef = 671164D32A43A6C5008B309A /* SceneDelegate.swift */; };
		671164D62A43A6C6008B309A /* QuarterlyController.swift in Sources */ = {isa = PBXBuildFile; fileRef = 671164D52A43A6C6008B309A /* QuarterlyController.swift */; };
		671164DB2A43A6C7008B309A /* Assets.xcassets in Resources */ = {isa = PBXBuildFile; fileRef = 671164DA2A43A6C7008B309A /* Assets.xcassets */; };
		671164DE2A43A6C7008B309A /* LaunchScreen.storyboard in Resources */ = {isa = PBXBuildFile; fileRef = 671164DC2A43A6C7008B309A /* LaunchScreen.storyboard */; };
		671164E92A43A6C8008B309A /* Escola_SabatinaTests.swift in Sources */ = {isa = PBXBuildFile; fileRef = 671164E82A43A6C8008B309A /* Escola_SabatinaTests.swift */; };
		671164F32A43A6C8008B309A /* Escola_SabatinaUITests.swift in Sources */ = {isa = PBXBuildFile; fileRef = 671164F22A43A6C8008B309A /* Escola_SabatinaUITests.swift */; };
		671164F52A43A6C8008B309A /* Escola_SabatinaUITestsLaunchTests.swift in Sources */ = {isa = PBXBuildFile; fileRef = 671164F42A43A6C8008B309A /* Escola_SabatinaUITestsLaunchTests.swift */; };
		671165072A43A8A1008B309A /* Language.swift in Sources */ = {isa = PBXBuildFile; fileRef = 671165062A43A8A1008B309A /* Language.swift */; };
		6711650A2A43AF9B008B309A /* LanguagesService.swift in Sources */ = {isa = PBXBuildFile; fileRef = 671165092A43AF9B008B309A /* LanguagesService.swift */; };
		6711650C2A44761F008B309A /* Quarterly.swift in Sources */ = {isa = PBXBuildFile; fileRef = 6711650B2A44761F008B309A /* Quarterly.swift */; };
		6711650E2A448FBB008B309A /* Credit.swift in Sources */ = {isa = PBXBuildFile; fileRef = 6711650D2A448FBB008B309A /* Credit.swift */; };
		671165102A449089008B309A /* Feature.swift in Sources */ = {isa = PBXBuildFile; fileRef = 6711650F2A449089008B309A /* Feature.swift */; };
		671165122A449131008B309A /* QuarterlyGroup.swift in Sources */ = {isa = PBXBuildFile; fileRef = 671165112A449131008B309A /* QuarterlyGroup.swift */; };
		671165142A4493D7008B309A /* Lesson.swift in Sources */ = {isa = PBXBuildFile; fileRef = 671165132A4493D7008B309A /* Lesson.swift */; };
		671165162A44961F008B309A /* LessonInfo.swift in Sources */ = {isa = PBXBuildFile; fileRef = 671165152A44961F008B309A /* LessonInfo.swift */; };
		671165182A4496C8008B309A /* Day.swift in Sources */ = {isa = PBXBuildFile; fileRef = 671165172A4496C8008B309A /* Day.swift */; };
		6711651A2A449792008B309A /* Pdf.swift in Sources */ = {isa = PBXBuildFile; fileRef = 671165192A449792008B309A /* Pdf.swift */; };
		6711651C2A44989F008B309A /* Read.swift in Sources */ = {isa = PBXBuildFile; fileRef = 6711651B2A44989F008B309A /* Read.swift */; };
		6711651F2A449B22008B309A /* Bible.swift in Sources */ = {isa = PBXBuildFile; fileRef = 6711651E2A449B22008B309A /* Bible.swift */; };
		671165282A44AF74008B309A /* Constants.swift in Sources */ = {isa = PBXBuildFile; fileRef = 671165272A44AF74008B309A /* Constants.swift */; };
		676608F12A45C691003E9A24 /* RswiftLibrary in Frameworks */ = {isa = PBXBuildFile; productRef = 676608F02A45C691003E9A24 /* RswiftLibrary */; };
		676608F82A45FB3B003E9A24 /* String.swift in Sources */ = {isa = PBXBuildFile; fileRef = 676608F72A45FB3B003E9A24 /* String.swift */; };
		676608FF2A45FFFD003E9A24 /* LanguageController.swift in Sources */ = {isa = PBXBuildFile; fileRef = 676608FE2A45FFFD003E9A24 /* LanguageController.swift */; };
		676609012A4618A5003E9A24 /* FilterView.swift in Sources */ = {isa = PBXBuildFile; fileRef = 676609002A4618A5003E9A24 /* FilterView.swift */; };
		676609062A463505003E9A24 /* FilterViewCell.swift in Sources */ = {isa = PBXBuildFile; fileRef = 676609052A463505003E9A24 /* FilterViewCell.swift */; };
		994A7EBB7FD297B483D92A4E /* Pods_Escola_Sabatina_Escola_SabatinaUITests.framework in Frameworks */ = {isa = PBXBuildFile; fileRef = A0FF118A17079D23333EE3B2 /* Pods_Escola_Sabatina_Escola_SabatinaUITests.framework */; };
		B3F322F70927237A20DDB543 /* Pods_Escola_SabatinaTests.framework in Frameworks */ = {isa = PBXBuildFile; fileRef = 525B502B2766083984D9C392 /* Pods_Escola_SabatinaTests.framework */; };
		F9572CE42A56F51C005CF568 /* DataError.swift in Sources */ = {isa = PBXBuildFile; fileRef = F9572CE32A56F51C005CF568 /* DataError.swift */; };
		F9572CE82A56FAD4005CF568 /* MulticastDelegate.swift in Sources */ = {isa = PBXBuildFile; fileRef = F9572CE72A56FAD4005CF568 /* MulticastDelegate.swift */; };
		F9572CEB2A58573E005CF568 /* BookViewCell.swift in Sources */ = {isa = PBXBuildFile; fileRef = F9572CEA2A58573E005CF568 /* BookViewCell.swift */; };
		F9572CF32A589BB1005CF568 /* BookView.swift in Sources */ = {isa = PBXBuildFile; fileRef = F9572CF22A589BB1005CF568 /* BookView.swift */; };
		F999A53B2A602D2B00CED354 /* LessonsService.swift in Sources */ = {isa = PBXBuildFile; fileRef = F999A53A2A602D2B00CED354 /* LessonsService.swift */; };
		F999A53D2A60322E00CED354 /* LessonViewModel.swift in Sources */ = {isa = PBXBuildFile; fileRef = F999A53C2A60322E00CED354 /* LessonViewModel.swift */; };
		F999A5412A604E4800CED354 /* LessonController.swift in Sources */ = {isa = PBXBuildFile; fileRef = F999A5402A604E4800CED354 /* LessonController.swift */; };
		F999A5442A60781E00CED354 /* StretchyTabelHeaderView.swift in Sources */ = {isa = PBXBuildFile; fileRef = F999A5432A60781E00CED354 /* StretchyTabelHeaderView.swift */; };
		F9BA561E2A5C348B00310B6B /* QuartelyLessonController.swift in Sources */ = {isa = PBXBuildFile; fileRef = F9BA561D2A5C348B00310B6B /* QuartelyLessonController.swift */; };
/* End PBXBuildFile section */

/* Begin PBXContainerItemProxy section */
		671164E52A43A6C8008B309A /* PBXContainerItemProxy */ = {
			isa = PBXContainerItemProxy;
			containerPortal = 671164C62A43A6C5008B309A /* Project object */;
			proxyType = 1;
			remoteGlobalIDString = 671164CD2A43A6C5008B309A;
			remoteInfo = "Escola Sabatina";
		};
		671164EF2A43A6C8008B309A /* PBXContainerItemProxy */ = {
			isa = PBXContainerItemProxy;
			containerPortal = 671164C62A43A6C5008B309A /* Project object */;
			proxyType = 1;
			remoteGlobalIDString = 671164CD2A43A6C5008B309A;
			remoteInfo = "Escola Sabatina";
		};
/* End PBXContainerItemProxy section */

/* Begin PBXFileReference section */
		02266C2B674E06376B18DB03 /* Pods-Escola SabatinaTests.debug.xcconfig */ = {isa = PBXFileReference; includeInIndex = 1; lastKnownFileType = text.xcconfig; name = "Pods-Escola SabatinaTests.debug.xcconfig"; path = "Target Support Files/Pods-Escola SabatinaTests/Pods-Escola SabatinaTests.debug.xcconfig"; sourceTree = "<group>"; };
		3436A59158233CD219AA386A /* Pods-Escola SabatinaTests.release.xcconfig */ = {isa = PBXFileReference; includeInIndex = 1; lastKnownFileType = text.xcconfig; name = "Pods-Escola SabatinaTests.release.xcconfig"; path = "Target Support Files/Pods-Escola SabatinaTests/Pods-Escola SabatinaTests.release.xcconfig"; sourceTree = "<group>"; };
		4D1A8D9EFADC2ED84CF21453 /* Pods_Escola_Sabatina.framework */ = {isa = PBXFileReference; explicitFileType = wrapper.framework; includeInIndex = 0; path = Pods_Escola_Sabatina.framework; sourceTree = BUILT_PRODUCTS_DIR; };
		525B502B2766083984D9C392 /* Pods_Escola_SabatinaTests.framework */ = {isa = PBXFileReference; explicitFileType = wrapper.framework; includeInIndex = 0; path = Pods_Escola_SabatinaTests.framework; sourceTree = BUILT_PRODUCTS_DIR; };
		670358372A4CB06F00085FB7 /* LanguageViewModel.swift */ = {isa = PBXFileReference; lastKnownFileType = sourcecode.swift; path = LanguageViewModel.swift; sourceTree = "<group>"; };
		670358482A4F209800085FB7 /* QuarterliesService.swift */ = {isa = PBXFileReference; lastKnownFileType = sourcecode.swift; path = QuarterliesService.swift; sourceTree = "<group>"; };
		6703584B2A4F24B800085FB7 /* QuarterlyViewModel.swift */ = {isa = PBXFileReference; lastKnownFileType = sourcecode.swift; path = QuarterlyViewModel.swift; sourceTree = "<group>"; };
		671164CE2A43A6C5008B309A /* Escola Sabatina.app */ = {isa = PBXFileReference; explicitFileType = wrapper.application; includeInIndex = 0; path = "Escola Sabatina.app"; sourceTree = BUILT_PRODUCTS_DIR; };
		671164D12A43A6C5008B309A /* AppDelegate.swift */ = {isa = PBXFileReference; lastKnownFileType = sourcecode.swift; path = AppDelegate.swift; sourceTree = "<group>"; };
		671164D32A43A6C5008B309A /* SceneDelegate.swift */ = {isa = PBXFileReference; lastKnownFileType = sourcecode.swift; path = SceneDelegate.swift; sourceTree = "<group>"; };
		671164D52A43A6C6008B309A /* QuarterlyController.swift */ = {isa = PBXFileReference; lastKnownFileType = sourcecode.swift; path = QuarterlyController.swift; sourceTree = "<group>"; };
		671164DA2A43A6C7008B309A /* Assets.xcassets */ = {isa = PBXFileReference; lastKnownFileType = folder.assetcatalog; path = Assets.xcassets; sourceTree = "<group>"; };
		671164DD2A43A6C7008B309A /* Base */ = {isa = PBXFileReference; lastKnownFileType = file.storyboard; name = Base; path = Base.lproj/LaunchScreen.storyboard; sourceTree = "<group>"; };
		671164DF2A43A6C7008B309A /* Info.plist */ = {isa = PBXFileReference; lastKnownFileType = text.plist.xml; path = Info.plist; sourceTree = "<group>"; };
		671164E42A43A6C8008B309A /* Escola SabatinaTests.xctest */ = {isa = PBXFileReference; explicitFileType = wrapper.cfbundle; includeInIndex = 0; path = "Escola SabatinaTests.xctest"; sourceTree = BUILT_PRODUCTS_DIR; };
		671164E82A43A6C8008B309A /* Escola_SabatinaTests.swift */ = {isa = PBXFileReference; lastKnownFileType = sourcecode.swift; path = Escola_SabatinaTests.swift; sourceTree = "<group>"; };
		671164EE2A43A6C8008B309A /* Escola SabatinaUITests.xctest */ = {isa = PBXFileReference; explicitFileType = wrapper.cfbundle; includeInIndex = 0; path = "Escola SabatinaUITests.xctest"; sourceTree = BUILT_PRODUCTS_DIR; };
		671164F22A43A6C8008B309A /* Escola_SabatinaUITests.swift */ = {isa = PBXFileReference; lastKnownFileType = sourcecode.swift; path = Escola_SabatinaUITests.swift; sourceTree = "<group>"; };
		671164F42A43A6C8008B309A /* Escola_SabatinaUITestsLaunchTests.swift */ = {isa = PBXFileReference; lastKnownFileType = sourcecode.swift; path = Escola_SabatinaUITestsLaunchTests.swift; sourceTree = "<group>"; };
		671165062A43A8A1008B309A /* Language.swift */ = {isa = PBXFileReference; lastKnownFileType = sourcecode.swift; path = Language.swift; sourceTree = "<group>"; };
		671165092A43AF9B008B309A /* LanguagesService.swift */ = {isa = PBXFileReference; lastKnownFileType = sourcecode.swift; path = LanguagesService.swift; sourceTree = "<group>"; };
		6711650B2A44761F008B309A /* Quarterly.swift */ = {isa = PBXFileReference; lastKnownFileType = sourcecode.swift; path = Quarterly.swift; sourceTree = "<group>"; };
		6711650D2A448FBB008B309A /* Credit.swift */ = {isa = PBXFileReference; lastKnownFileType = sourcecode.swift; path = Credit.swift; sourceTree = "<group>"; };
		6711650F2A449089008B309A /* Feature.swift */ = {isa = PBXFileReference; lastKnownFileType = sourcecode.swift; path = Feature.swift; sourceTree = "<group>"; };
		671165112A449131008B309A /* QuarterlyGroup.swift */ = {isa = PBXFileReference; lastKnownFileType = sourcecode.swift; path = QuarterlyGroup.swift; sourceTree = "<group>"; };
		671165132A4493D7008B309A /* Lesson.swift */ = {isa = PBXFileReference; lastKnownFileType = sourcecode.swift; path = Lesson.swift; sourceTree = "<group>"; };
		671165152A44961F008B309A /* LessonInfo.swift */ = {isa = PBXFileReference; lastKnownFileType = sourcecode.swift; path = LessonInfo.swift; sourceTree = "<group>"; };
		671165172A4496C8008B309A /* Day.swift */ = {isa = PBXFileReference; lastKnownFileType = sourcecode.swift; path = Day.swift; sourceTree = "<group>"; };
		671165192A449792008B309A /* Pdf.swift */ = {isa = PBXFileReference; lastKnownFileType = sourcecode.swift; path = Pdf.swift; sourceTree = "<group>"; };
		6711651B2A44989F008B309A /* Read.swift */ = {isa = PBXFileReference; lastKnownFileType = sourcecode.swift; path = Read.swift; sourceTree = "<group>"; };
		6711651E2A449B22008B309A /* Bible.swift */ = {isa = PBXFileReference; lastKnownFileType = sourcecode.swift; path = Bible.swift; sourceTree = "<group>"; };
		671165272A44AF74008B309A /* Constants.swift */ = {isa = PBXFileReference; lastKnownFileType = sourcecode.swift; path = Constants.swift; sourceTree = "<group>"; };
		676608F72A45FB3B003E9A24 /* String.swift */ = {isa = PBXFileReference; lastKnownFileType = sourcecode.swift; path = String.swift; sourceTree = "<group>"; };
		676608FE2A45FFFD003E9A24 /* LanguageController.swift */ = {isa = PBXFileReference; lastKnownFileType = sourcecode.swift; path = LanguageController.swift; sourceTree = "<group>"; };
		676609002A4618A5003E9A24 /* FilterView.swift */ = {isa = PBXFileReference; lastKnownFileType = sourcecode.swift; path = FilterView.swift; sourceTree = "<group>"; };
		676609052A463505003E9A24 /* FilterViewCell.swift */ = {isa = PBXFileReference; lastKnownFileType = sourcecode.swift; path = FilterViewCell.swift; sourceTree = "<group>"; };
		A0FF118A17079D23333EE3B2 /* Pods_Escola_Sabatina_Escola_SabatinaUITests.framework */ = {isa = PBXFileReference; explicitFileType = wrapper.framework; includeInIndex = 0; path = Pods_Escola_Sabatina_Escola_SabatinaUITests.framework; sourceTree = BUILT_PRODUCTS_DIR; };
		AE6CE48BF684F10CBEA02175 /* Pods-Escola Sabatina-Escola SabatinaUITests.release.xcconfig */ = {isa = PBXFileReference; includeInIndex = 1; lastKnownFileType = text.xcconfig; name = "Pods-Escola Sabatina-Escola SabatinaUITests.release.xcconfig"; path = "Target Support Files/Pods-Escola Sabatina-Escola SabatinaUITests/Pods-Escola Sabatina-Escola SabatinaUITests.release.xcconfig"; sourceTree = "<group>"; };
		D7E13D7DFEDEEC1545B22E68 /* Pods-Escola Sabatina.debug.xcconfig */ = {isa = PBXFileReference; includeInIndex = 1; lastKnownFileType = text.xcconfig; name = "Pods-Escola Sabatina.debug.xcconfig"; path = "Target Support Files/Pods-Escola Sabatina/Pods-Escola Sabatina.debug.xcconfig"; sourceTree = "<group>"; };
		EFC27ACC3FE039632595C055 /* Pods-Escola Sabatina.release.xcconfig */ = {isa = PBXFileReference; includeInIndex = 1; lastKnownFileType = text.xcconfig; name = "Pods-Escola Sabatina.release.xcconfig"; path = "Target Support Files/Pods-Escola Sabatina/Pods-Escola Sabatina.release.xcconfig"; sourceTree = "<group>"; };
		F0AC31677F9E46411F3044DC /* Pods-Escola Sabatina-Escola SabatinaUITests.debug.xcconfig */ = {isa = PBXFileReference; includeInIndex = 1; lastKnownFileType = text.xcconfig; name = "Pods-Escola Sabatina-Escola SabatinaUITests.debug.xcconfig"; path = "Target Support Files/Pods-Escola Sabatina-Escola SabatinaUITests/Pods-Escola Sabatina-Escola SabatinaUITests.debug.xcconfig"; sourceTree = "<group>"; };
		F9572CE32A56F51C005CF568 /* DataError.swift */ = {isa = PBXFileReference; lastKnownFileType = sourcecode.swift; path = DataError.swift; sourceTree = "<group>"; };
		F9572CE72A56FAD4005CF568 /* MulticastDelegate.swift */ = {isa = PBXFileReference; lastKnownFileType = sourcecode.swift; path = MulticastDelegate.swift; sourceTree = "<group>"; };
		F9572CEA2A58573E005CF568 /* BookViewCell.swift */ = {isa = PBXFileReference; lastKnownFileType = sourcecode.swift; path = BookViewCell.swift; sourceTree = "<group>"; };
		F9572CF22A589BB1005CF568 /* BookView.swift */ = {isa = PBXFileReference; lastKnownFileType = sourcecode.swift; path = BookView.swift; sourceTree = "<group>"; };
		F999A53A2A602D2B00CED354 /* LessonsService.swift */ = {isa = PBXFileReference; lastKnownFileType = sourcecode.swift; path = LessonsService.swift; sourceTree = "<group>"; };
		F999A53C2A60322E00CED354 /* LessonViewModel.swift */ = {isa = PBXFileReference; lastKnownFileType = sourcecode.swift; path = LessonViewModel.swift; sourceTree = "<group>"; };
		F999A5402A604E4800CED354 /* LessonController.swift */ = {isa = PBXFileReference; lastKnownFileType = sourcecode.swift; path = LessonController.swift; sourceTree = "<group>"; };
		F999A5432A60781E00CED354 /* StretchyTabelHeaderView.swift */ = {isa = PBXFileReference; lastKnownFileType = sourcecode.swift; path = StretchyTabelHeaderView.swift; sourceTree = "<group>"; };
		F9BA561D2A5C348B00310B6B /* QuartelyLessonController.swift */ = {isa = PBXFileReference; lastKnownFileType = sourcecode.swift; path = QuartelyLessonController.swift; sourceTree = "<group>"; };
/* End PBXFileReference section */

/* Begin PBXFrameworksBuildPhase section */
		671164CB2A43A6C5008B309A /* Frameworks */ = {
			isa = PBXFrameworksBuildPhase;
			buildActionMask = 2147483647;
			files = (
				486FC5ACD19709B83E6975AB /* Pods_Escola_Sabatina.framework in Frameworks */,
				676608F12A45C691003E9A24 /* RswiftLibrary in Frameworks */,
			);
			runOnlyForDeploymentPostprocessing = 0;
		};
		671164E12A43A6C8008B309A /* Frameworks */ = {
			isa = PBXFrameworksBuildPhase;
			buildActionMask = 2147483647;
			files = (
				B3F322F70927237A20DDB543 /* Pods_Escola_SabatinaTests.framework in Frameworks */,
			);
			runOnlyForDeploymentPostprocessing = 0;
		};
		671164EB2A43A6C8008B309A /* Frameworks */ = {
			isa = PBXFrameworksBuildPhase;
			buildActionMask = 2147483647;
			files = (
				994A7EBB7FD297B483D92A4E /* Pods_Escola_Sabatina_Escola_SabatinaUITests.framework in Frameworks */,
			);
			runOnlyForDeploymentPostprocessing = 0;
		};
/* End PBXFrameworksBuildPhase section */

/* Begin PBXGroup section */
		670358342A4B97D100085FB7 /* Application */ = {
			isa = PBXGroup;
			children = (
				671164DF2A43A6C7008B309A /* Info.plist */,
				671164D12A43A6C5008B309A /* AppDelegate.swift */,
				671164D32A43A6C5008B309A /* SceneDelegate.swift */,
				671164DA2A43A6C7008B309A /* Assets.xcassets */,
				671164DC2A43A6C7008B309A /* LaunchScreen.storyboard */,
			);
			name = Application;
			sourceTree = "<group>";
		};
		6703583D2A4F0ECE00085FB7 /* Quarterly */ = {
			isa = PBXGroup;
			children = (
				671164D52A43A6C6008B309A /* QuarterlyController.swift */,
				F9BA561D2A5C348B00310B6B /* QuartelyLessonController.swift */,
			);
			path = Quarterly;
			sourceTree = "<group>";
		};
		6703583F2A4F0EFB00085FB7 /* Language */ = {
			isa = PBXGroup;
			children = (
				676608FE2A45FFFD003E9A24 /* LanguageController.swift */,
			);
			path = Language;
			sourceTree = "<group>";
		};
		671164C52A43A6C5008B309A = {
			isa = PBXGroup;
			children = (
				671164D02A43A6C5008B309A /* Escola Sabatina */,
				671164E72A43A6C8008B309A /* Escola SabatinaTests */,
				671164F12A43A6C8008B309A /* Escola SabatinaUITests */,
				671164CF2A43A6C5008B309A /* Products */,
				EE6D404A02B53B1FE1D81C7D /* Pods */,
				79274D90FBA1184E7D5C1DF2 /* Frameworks */,
			);
			sourceTree = "<group>";
		};
		671164CF2A43A6C5008B309A /* Products */ = {
			isa = PBXGroup;
			children = (
				671164CE2A43A6C5008B309A /* Escola Sabatina.app */,
				671164E42A43A6C8008B309A /* Escola SabatinaTests.xctest */,
				671164EE2A43A6C8008B309A /* Escola SabatinaUITests.xctest */,
			);
			name = Products;
			sourceTree = "<group>";
		};
		671164D02A43A6C5008B309A /* Escola Sabatina */ = {
			isa = PBXGroup;
			children = (
				670358342A4B97D100085FB7 /* Application */,
				671165082A43AF37008B309A /* Common */,
				671165052A43A740008B309A /* Services */,
				671165042A43A70C008B309A /* ViewModels */,
				671165032A43A6FB008B309A /* Views */,
				671165022A43A6EC008B309A /* Models */,
				671165012A43A6E1008B309A /* Controllers */,
			);
			path = "Escola Sabatina";
			sourceTree = "<group>";
		};
		671164E72A43A6C8008B309A /* Escola SabatinaTests */ = {
			isa = PBXGroup;
			children = (
				671164E82A43A6C8008B309A /* Escola_SabatinaTests.swift */,
			);
			path = "Escola SabatinaTests";
			sourceTree = "<group>";
		};
		671164F12A43A6C8008B309A /* Escola SabatinaUITests */ = {
			isa = PBXGroup;
			children = (
				671164F22A43A6C8008B309A /* Escola_SabatinaUITests.swift */,
				671164F42A43A6C8008B309A /* Escola_SabatinaUITestsLaunchTests.swift */,
			);
			path = "Escola SabatinaUITests";
			sourceTree = "<group>";
		};
		671165012A43A6E1008B309A /* Controllers */ = {
			isa = PBXGroup;
			children = (
				F999A5382A602C5300CED354 /* Lesson */,
				6703583F2A4F0EFB00085FB7 /* Language */,
				6703583D2A4F0ECE00085FB7 /* Quarterly */,
			);
			path = Controllers;
			sourceTree = "<group>";
		};
		671165022A43A6EC008B309A /* Models */ = {
			isa = PBXGroup;
			children = (
				671165062A43A8A1008B309A /* Language.swift */,
				6711650B2A44761F008B309A /* Quarterly.swift */,
				6711650D2A448FBB008B309A /* Credit.swift */,
				6711650F2A449089008B309A /* Feature.swift */,
				671165112A449131008B309A /* QuarterlyGroup.swift */,
				671165132A4493D7008B309A /* Lesson.swift */,
				671165152A44961F008B309A /* LessonInfo.swift */,
				671165172A4496C8008B309A /* Day.swift */,
				671165192A449792008B309A /* Pdf.swift */,
				6711651B2A44989F008B309A /* Read.swift */,
				6711651E2A449B22008B309A /* Bible.swift */,
				F9572CE32A56F51C005CF568 /* DataError.swift */,
			);
			path = Models;
			sourceTree = "<group>";
		};
		671165032A43A6FB008B309A /* Views */ = {
			isa = PBXGroup;
			children = (
				F999A5422A6077E200CED354 /* StretchyTabelHeaderView */,
				F9572CE92A58571E005CF568 /* BookView */,
				676609032A461C79003E9A24 /* FilterView */,
			);
			path = Views;
			sourceTree = "<group>";
		};
		671165042A43A70C008B309A /* ViewModels */ = {
			isa = PBXGroup;
			children = (
				670358372A4CB06F00085FB7 /* LanguageViewModel.swift */,
				6703584B2A4F24B800085FB7 /* QuarterlyViewModel.swift */,
				F999A53C2A60322E00CED354 /* LessonViewModel.swift */,
			);
			path = ViewModels;
			sourceTree = "<group>";
		};
		671165052A43A740008B309A /* Services */ = {
			isa = PBXGroup;
			children = (
				671165092A43AF9B008B309A /* LanguagesService.swift */,
				670358482A4F209800085FB7 /* QuarterliesService.swift */,
				F999A53A2A602D2B00CED354 /* LessonsService.swift */,
			);
			path = Services;
			sourceTree = "<group>";
		};
		671165082A43AF37008B309A /* Common */ = {
			isa = PBXGroup;
			children = (
				676608F52A45FB1B003E9A24 /* Extensions */,
				671165292A44AF92008B309A /* Configurations */,
				F9572CE72A56FAD4005CF568 /* MulticastDelegate.swift */,
			);
			path = Common;
			sourceTree = "<group>";
		};
		671165292A44AF92008B309A /* Configurations */ = {
			isa = PBXGroup;
			children = (
				671165272A44AF74008B309A /* Constants.swift */,
			);
			path = Configurations;
			sourceTree = "<group>";
		};
		676608F52A45FB1B003E9A24 /* Extensions */ = {
			isa = PBXGroup;
			children = (
				676608F72A45FB3B003E9A24 /* String.swift */,
			);
			path = Extensions;
			sourceTree = "<group>";
		};
		676609032A461C79003E9A24 /* FilterView */ = {
			isa = PBXGroup;
			children = (
				676609002A4618A5003E9A24 /* FilterView.swift */,
				676609052A463505003E9A24 /* FilterViewCell.swift */,
			);
			path = FilterView;
			sourceTree = "<group>";
		};
		79274D90FBA1184E7D5C1DF2 /* Frameworks */ = {
			isa = PBXGroup;
			children = (
				4D1A8D9EFADC2ED84CF21453 /* Pods_Escola_Sabatina.framework */,
				A0FF118A17079D23333EE3B2 /* Pods_Escola_Sabatina_Escola_SabatinaUITests.framework */,
				525B502B2766083984D9C392 /* Pods_Escola_SabatinaTests.framework */,
			);
			name = Frameworks;
			sourceTree = "<group>";
		};
		EE6D404A02B53B1FE1D81C7D /* Pods */ = {
			isa = PBXGroup;
			children = (
				D7E13D7DFEDEEC1545B22E68 /* Pods-Escola Sabatina.debug.xcconfig */,
				EFC27ACC3FE039632595C055 /* Pods-Escola Sabatina.release.xcconfig */,
				F0AC31677F9E46411F3044DC /* Pods-Escola Sabatina-Escola SabatinaUITests.debug.xcconfig */,
				AE6CE48BF684F10CBEA02175 /* Pods-Escola Sabatina-Escola SabatinaUITests.release.xcconfig */,
				02266C2B674E06376B18DB03 /* Pods-Escola SabatinaTests.debug.xcconfig */,
				3436A59158233CD219AA386A /* Pods-Escola SabatinaTests.release.xcconfig */,
			);
			path = Pods;
			sourceTree = "<group>";
		};
		F9572CE92A58571E005CF568 /* BookView */ = {
			isa = PBXGroup;
			children = (
				F9572CEA2A58573E005CF568 /* BookViewCell.swift */,
				F9572CF22A589BB1005CF568 /* BookView.swift */,
			);
			path = BookView;
			sourceTree = "<group>";
		};
		F999A5382A602C5300CED354 /* Lesson */ = {
			isa = PBXGroup;
			children = (
				F999A5402A604E4800CED354 /* LessonController.swift */,
			);
			path = Lesson;
			sourceTree = "<group>";
		};
		F999A5422A6077E200CED354 /* StretchyTabelHeaderView */ = {
			isa = PBXGroup;
			children = (
				F999A5432A60781E00CED354 /* StretchyTabelHeaderView.swift */,
			);
			path = StretchyTabelHeaderView;
			sourceTree = "<group>";
		};
/* End PBXGroup section */

/* Begin PBXNativeTarget section */
		671164CD2A43A6C5008B309A /* Escola Sabatina */ = {
			isa = PBXNativeTarget;
			buildConfigurationList = 671164F82A43A6C8008B309A /* Build configuration list for PBXNativeTarget "Escola Sabatina" */;
			buildPhases = (
				82C6F863DBD99164293B5266 /* [CP] Check Pods Manifest.lock */,
				671164CA2A43A6C5008B309A /* Sources */,
				671164CB2A43A6C5008B309A /* Frameworks */,
				671164CC2A43A6C5008B309A /* Resources */,
				2E794545ABCA84200FD29E85 /* [CP] Embed Pods Frameworks */,
			);
			buildRules = (
			);
			dependencies = (
				676608F32A45C6BD003E9A24 /* PBXTargetDependency */,
			);
			name = "Escola Sabatina";
			packageProductDependencies = (
				676608F02A45C691003E9A24 /* RswiftLibrary */,
			);
			productName = "Escola Sabatina";
			productReference = 671164CE2A43A6C5008B309A /* Escola Sabatina.app */;
			productType = "com.apple.product-type.application";
		};
		671164E32A43A6C8008B309A /* Escola SabatinaTests */ = {
			isa = PBXNativeTarget;
			buildConfigurationList = 671164FB2A43A6C8008B309A /* Build configuration list for PBXNativeTarget "Escola SabatinaTests" */;
			buildPhases = (
				754D465FAA58F081871F5AE8 /* [CP] Check Pods Manifest.lock */,
				671164E02A43A6C8008B309A /* Sources */,
				671164E12A43A6C8008B309A /* Frameworks */,
				671164E22A43A6C8008B309A /* Resources */,
			);
			buildRules = (
			);
			dependencies = (
				671164E62A43A6C8008B309A /* PBXTargetDependency */,
			);
			name = "Escola SabatinaTests";
			productName = "Escola SabatinaTests";
			productReference = 671164E42A43A6C8008B309A /* Escola SabatinaTests.xctest */;
			productType = "com.apple.product-type.bundle.unit-test";
		};
		671164ED2A43A6C8008B309A /* Escola SabatinaUITests */ = {
			isa = PBXNativeTarget;
			buildConfigurationList = 671164FE2A43A6C8008B309A /* Build configuration list for PBXNativeTarget "Escola SabatinaUITests" */;
			buildPhases = (
				E446AF08CAAFA5413C476FE2 /* [CP] Check Pods Manifest.lock */,
				671164EA2A43A6C8008B309A /* Sources */,
				671164EB2A43A6C8008B309A /* Frameworks */,
				671164EC2A43A6C8008B309A /* Resources */,
				569313B967E75160C0BEA62B /* [CP] Embed Pods Frameworks */,
			);
			buildRules = (
			);
			dependencies = (
				671164F02A43A6C8008B309A /* PBXTargetDependency */,
			);
			name = "Escola SabatinaUITests";
			productName = "Escola SabatinaUITests";
			productReference = 671164EE2A43A6C8008B309A /* Escola SabatinaUITests.xctest */;
			productType = "com.apple.product-type.bundle.ui-testing";
		};
/* End PBXNativeTarget section */

/* Begin PBXProject section */
		671164C62A43A6C5008B309A /* Project object */ = {
			isa = PBXProject;
			attributes = {
				BuildIndependentTargetsInParallel = 1;
				LastSwiftUpdateCheck = 1420;
				LastUpgradeCheck = 1420;
				TargetAttributes = {
					671164CD2A43A6C5008B309A = {
						CreatedOnToolsVersion = 14.2;
					};
					671164E32A43A6C8008B309A = {
						CreatedOnToolsVersion = 14.2;
						TestTargetID = 671164CD2A43A6C5008B309A;
					};
					671164ED2A43A6C8008B309A = {
						CreatedOnToolsVersion = 14.2;
						TestTargetID = 671164CD2A43A6C5008B309A;
					};
				};
			};
			buildConfigurationList = 671164C92A43A6C5008B309A /* Build configuration list for PBXProject "Escola Sabatina" */;
			compatibilityVersion = "Xcode 14.0";
			developmentRegion = en;
			hasScannedForEncodings = 0;
			knownRegions = (
				en,
				Base,
			);
			mainGroup = 671164C52A43A6C5008B309A;
			packageReferences = (
				676608EF2A45C691003E9A24 /* XCRemoteSwiftPackageReference "R.swift" */,
			);
			productRefGroup = 671164CF2A43A6C5008B309A /* Products */;
			projectDirPath = "";
			projectRoot = "";
			targets = (
				671164CD2A43A6C5008B309A /* Escola Sabatina */,
				671164E32A43A6C8008B309A /* Escola SabatinaTests */,
				671164ED2A43A6C8008B309A /* Escola SabatinaUITests */,
			);
		};
/* End PBXProject section */

/* Begin PBXResourcesBuildPhase section */
		671164CC2A43A6C5008B309A /* Resources */ = {
			isa = PBXResourcesBuildPhase;
			buildActionMask = 2147483647;
			files = (
				671164DE2A43A6C7008B309A /* LaunchScreen.storyboard in Resources */,
				671164DB2A43A6C7008B309A /* Assets.xcassets in Resources */,
			);
			runOnlyForDeploymentPostprocessing = 0;
		};
		671164E22A43A6C8008B309A /* Resources */ = {
			isa = PBXResourcesBuildPhase;
			buildActionMask = 2147483647;
			files = (
			);
			runOnlyForDeploymentPostprocessing = 0;
		};
		671164EC2A43A6C8008B309A /* Resources */ = {
			isa = PBXResourcesBuildPhase;
			buildActionMask = 2147483647;
			files = (
			);
			runOnlyForDeploymentPostprocessing = 0;
		};
/* End PBXResourcesBuildPhase section */

/* Begin PBXShellScriptBuildPhase section */
		2E794545ABCA84200FD29E85 /* [CP] Embed Pods Frameworks */ = {
			isa = PBXShellScriptBuildPhase;
			buildActionMask = 2147483647;
			files = (
			);
			inputFileListPaths = (
				"${PODS_ROOT}/Target Support Files/Pods-Escola Sabatina/Pods-Escola Sabatina-frameworks-${CONFIGURATION}-input-files.xcfilelist",
			);
			name = "[CP] Embed Pods Frameworks";
			outputFileListPaths = (
				"${PODS_ROOT}/Target Support Files/Pods-Escola Sabatina/Pods-Escola Sabatina-frameworks-${CONFIGURATION}-output-files.xcfilelist",
			);
			runOnlyForDeploymentPostprocessing = 0;
			shellPath = /bin/sh;
			shellScript = "\"${PODS_ROOT}/Target Support Files/Pods-Escola Sabatina/Pods-Escola Sabatina-frameworks.sh\"\n";
			showEnvVarsInLog = 0;
		};
		569313B967E75160C0BEA62B /* [CP] Embed Pods Frameworks */ = {
			isa = PBXShellScriptBuildPhase;
			buildActionMask = 2147483647;
			files = (
			);
			inputFileListPaths = (
				"${PODS_ROOT}/Target Support Files/Pods-Escola Sabatina-Escola SabatinaUITests/Pods-Escola Sabatina-Escola SabatinaUITests-frameworks-${CONFIGURATION}-input-files.xcfilelist",
			);
			name = "[CP] Embed Pods Frameworks";
			outputFileListPaths = (
				"${PODS_ROOT}/Target Support Files/Pods-Escola Sabatina-Escola SabatinaUITests/Pods-Escola Sabatina-Escola SabatinaUITests-frameworks-${CONFIGURATION}-output-files.xcfilelist",
			);
			runOnlyForDeploymentPostprocessing = 0;
			shellPath = /bin/sh;
			shellScript = "\"${PODS_ROOT}/Target Support Files/Pods-Escola Sabatina-Escola SabatinaUITests/Pods-Escola Sabatina-Escola SabatinaUITests-frameworks.sh\"\n";
			showEnvVarsInLog = 0;
		};
		754D465FAA58F081871F5AE8 /* [CP] Check Pods Manifest.lock */ = {
			isa = PBXShellScriptBuildPhase;
			buildActionMask = 2147483647;
			files = (
			);
			inputFileListPaths = (
			);
			inputPaths = (
				"${PODS_PODFILE_DIR_PATH}/Podfile.lock",
				"${PODS_ROOT}/Manifest.lock",
			);
			name = "[CP] Check Pods Manifest.lock";
			outputFileListPaths = (
			);
			outputPaths = (
				"$(DERIVED_FILE_DIR)/Pods-Escola SabatinaTests-checkManifestLockResult.txt",
			);
			runOnlyForDeploymentPostprocessing = 0;
			shellPath = /bin/sh;
			shellScript = "diff \"${PODS_PODFILE_DIR_PATH}/Podfile.lock\" \"${PODS_ROOT}/Manifest.lock\" > /dev/null\nif [ $? != 0 ] ; then\n    # print error to STDERR\n    echo \"error: The sandbox is not in sync with the Podfile.lock. Run 'pod install' or update your CocoaPods installation.\" >&2\n    exit 1\nfi\n# This output is used by Xcode 'outputs' to avoid re-running this script phase.\necho \"SUCCESS\" > \"${SCRIPT_OUTPUT_FILE_0}\"\n";
			showEnvVarsInLog = 0;
		};
		82C6F863DBD99164293B5266 /* [CP] Check Pods Manifest.lock */ = {
			isa = PBXShellScriptBuildPhase;
			buildActionMask = 2147483647;
			files = (
			);
			inputFileListPaths = (
			);
			inputPaths = (
				"${PODS_PODFILE_DIR_PATH}/Podfile.lock",
				"${PODS_ROOT}/Manifest.lock",
			);
			name = "[CP] Check Pods Manifest.lock";
			outputFileListPaths = (
			);
			outputPaths = (
				"$(DERIVED_FILE_DIR)/Pods-Escola Sabatina-checkManifestLockResult.txt",
			);
			runOnlyForDeploymentPostprocessing = 0;
			shellPath = /bin/sh;
			shellScript = "diff \"${PODS_PODFILE_DIR_PATH}/Podfile.lock\" \"${PODS_ROOT}/Manifest.lock\" > /dev/null\nif [ $? != 0 ] ; then\n    # print error to STDERR\n    echo \"error: The sandbox is not in sync with the Podfile.lock. Run 'pod install' or update your CocoaPods installation.\" >&2\n    exit 1\nfi\n# This output is used by Xcode 'outputs' to avoid re-running this script phase.\necho \"SUCCESS\" > \"${SCRIPT_OUTPUT_FILE_0}\"\n";
			showEnvVarsInLog = 0;
		};
		E446AF08CAAFA5413C476FE2 /* [CP] Check Pods Manifest.lock */ = {
			isa = PBXShellScriptBuildPhase;
			buildActionMask = 2147483647;
			files = (
			);
			inputFileListPaths = (
			);
			inputPaths = (
				"${PODS_PODFILE_DIR_PATH}/Podfile.lock",
				"${PODS_ROOT}/Manifest.lock",
			);
			name = "[CP] Check Pods Manifest.lock";
			outputFileListPaths = (
			);
			outputPaths = (
				"$(DERIVED_FILE_DIR)/Pods-Escola Sabatina-Escola SabatinaUITests-checkManifestLockResult.txt",
			);
			runOnlyForDeploymentPostprocessing = 0;
			shellPath = /bin/sh;
			shellScript = "diff \"${PODS_PODFILE_DIR_PATH}/Podfile.lock\" \"${PODS_ROOT}/Manifest.lock\" > /dev/null\nif [ $? != 0 ] ; then\n    # print error to STDERR\n    echo \"error: The sandbox is not in sync with the Podfile.lock. Run 'pod install' or update your CocoaPods installation.\" >&2\n    exit 1\nfi\n# This output is used by Xcode 'outputs' to avoid re-running this script phase.\necho \"SUCCESS\" > \"${SCRIPT_OUTPUT_FILE_0}\"\n";
			showEnvVarsInLog = 0;
		};
/* End PBXShellScriptBuildPhase section */

/* Begin PBXSourcesBuildPhase section */
		671164CA2A43A6C5008B309A /* Sources */ = {
			isa = PBXSourcesBuildPhase;
			buildActionMask = 2147483647;
			files = (
				676609062A463505003E9A24 /* FilterViewCell.swift in Sources */,
				F9BA561E2A5C348B00310B6B /* QuartelyLessonController.swift in Sources */,
				F999A53D2A60322E00CED354 /* LessonViewModel.swift in Sources */,
				676609012A4618A5003E9A24 /* FilterView.swift in Sources */,
				6711651A2A449792008B309A /* Pdf.swift in Sources */,
				F999A53B2A602D2B00CED354 /* LessonsService.swift in Sources */,
				F9572CEB2A58573E005CF568 /* BookViewCell.swift in Sources */,
				6711651C2A44989F008B309A /* Read.swift in Sources */,
				671165282A44AF74008B309A /* Constants.swift in Sources */,
				671164D62A43A6C6008B309A /* QuarterlyController.swift in Sources */,
				F9572CE42A56F51C005CF568 /* DataError.swift in Sources */,
				671165072A43A8A1008B309A /* Language.swift in Sources */,
				671165182A4496C8008B309A /* Day.swift in Sources */,
				6711650A2A43AF9B008B309A /* LanguagesService.swift in Sources */,
				671165122A449131008B309A /* QuarterlyGroup.swift in Sources */,
				671164D22A43A6C5008B309A /* AppDelegate.swift in Sources */,
				671165142A4493D7008B309A /* Lesson.swift in Sources */,
				671165102A449089008B309A /* Feature.swift in Sources */,
				671165162A44961F008B309A /* LessonInfo.swift in Sources */,
				670358382A4CB06F00085FB7 /* LanguageViewModel.swift in Sources */,
				676608FF2A45FFFD003E9A24 /* LanguageController.swift in Sources */,
				F999A5412A604E4800CED354 /* LessonController.swift in Sources */,
				F9572CF32A589BB1005CF568 /* BookView.swift in Sources */,
				6703584C2A4F24B800085FB7 /* QuarterlyViewModel.swift in Sources */,
				676608F82A45FB3B003E9A24 /* String.swift in Sources */,
				6711650E2A448FBB008B309A /* Credit.swift in Sources */,
				F999A5442A60781E00CED354 /* StretchyTabelHeaderView.swift in Sources */,
				6711650C2A44761F008B309A /* Quarterly.swift in Sources */,
				671164D42A43A6C5008B309A /* SceneDelegate.swift in Sources */,
				F9572CE82A56FAD4005CF568 /* MulticastDelegate.swift in Sources */,
				6711651F2A449B22008B309A /* Bible.swift in Sources */,
				670358492A4F209800085FB7 /* QuarterliesService.swift in Sources */,
			);
			runOnlyForDeploymentPostprocessing = 0;
		};
		671164E02A43A6C8008B309A /* Sources */ = {
			isa = PBXSourcesBuildPhase;
			buildActionMask = 2147483647;
			files = (
				671164E92A43A6C8008B309A /* Escola_SabatinaTests.swift in Sources */,
			);
			runOnlyForDeploymentPostprocessing = 0;
		};
		671164EA2A43A6C8008B309A /* Sources */ = {
			isa = PBXSourcesBuildPhase;
			buildActionMask = 2147483647;
			files = (
				671164F52A43A6C8008B309A /* Escola_SabatinaUITestsLaunchTests.swift in Sources */,
				671164F32A43A6C8008B309A /* Escola_SabatinaUITests.swift in Sources */,
			);
			runOnlyForDeploymentPostprocessing = 0;
		};
/* End PBXSourcesBuildPhase section */

/* Begin PBXTargetDependency section */
		671164E62A43A6C8008B309A /* PBXTargetDependency */ = {
			isa = PBXTargetDependency;
			target = 671164CD2A43A6C5008B309A /* Escola Sabatina */;
			targetProxy = 671164E52A43A6C8008B309A /* PBXContainerItemProxy */;
		};
		671164F02A43A6C8008B309A /* PBXTargetDependency */ = {
			isa = PBXTargetDependency;
			target = 671164CD2A43A6C5008B309A /* Escola Sabatina */;
			targetProxy = 671164EF2A43A6C8008B309A /* PBXContainerItemProxy */;
		};
		676608F32A45C6BD003E9A24 /* PBXTargetDependency */ = {
			isa = PBXTargetDependency;
			productRef = 676608F22A45C6BD003E9A24 /* RswiftGenerateInternalResources */;
		};
/* End PBXTargetDependency section */

/* Begin PBXVariantGroup section */
		671164DC2A43A6C7008B309A /* LaunchScreen.storyboard */ = {
			isa = PBXVariantGroup;
			children = (
				671164DD2A43A6C7008B309A /* Base */,
			);
			name = LaunchScreen.storyboard;
			sourceTree = "<group>";
		};
/* End PBXVariantGroup section */

/* Begin XCBuildConfiguration section */
		671164F62A43A6C8008B309A /* Debug */ = {
			isa = XCBuildConfiguration;
			buildSettings = {
				ALWAYS_SEARCH_USER_PATHS = NO;
				CLANG_ANALYZER_NONNULL = YES;
				CLANG_ANALYZER_NUMBER_OBJECT_CONVERSION = YES_AGGRESSIVE;
				CLANG_CXX_LANGUAGE_STANDARD = "gnu++20";
				CLANG_ENABLE_MODULES = YES;
				CLANG_ENABLE_OBJC_ARC = YES;
				CLANG_ENABLE_OBJC_WEAK = YES;
				CLANG_WARN_BLOCK_CAPTURE_AUTORELEASING = YES;
				CLANG_WARN_BOOL_CONVERSION = YES;
				CLANG_WARN_COMMA = YES;
				CLANG_WARN_CONSTANT_CONVERSION = YES;
				CLANG_WARN_DEPRECATED_OBJC_IMPLEMENTATIONS = YES;
				CLANG_WARN_DIRECT_OBJC_ISA_USAGE = YES_ERROR;
				CLANG_WARN_DOCUMENTATION_COMMENTS = YES;
				CLANG_WARN_EMPTY_BODY = YES;
				CLANG_WARN_ENUM_CONVERSION = YES;
				CLANG_WARN_INFINITE_RECURSION = YES;
				CLANG_WARN_INT_CONVERSION = YES;
				CLANG_WARN_NON_LITERAL_NULL_CONVERSION = YES;
				CLANG_WARN_OBJC_IMPLICIT_RETAIN_SELF = YES;
				CLANG_WARN_OBJC_LITERAL_CONVERSION = YES;
				CLANG_WARN_OBJC_ROOT_CLASS = YES_ERROR;
				CLANG_WARN_QUOTED_INCLUDE_IN_FRAMEWORK_HEADER = YES;
				CLANG_WARN_RANGE_LOOP_ANALYSIS = YES;
				CLANG_WARN_STRICT_PROTOTYPES = YES;
				CLANG_WARN_SUSPICIOUS_MOVE = YES;
				CLANG_WARN_UNGUARDED_AVAILABILITY = YES_AGGRESSIVE;
				CLANG_WARN_UNREACHABLE_CODE = YES;
				CLANG_WARN__DUPLICATE_METHOD_MATCH = YES;
				COPY_PHASE_STRIP = NO;
				DEBUG_INFORMATION_FORMAT = dwarf;
				ENABLE_STRICT_OBJC_MSGSEND = YES;
				ENABLE_TESTABILITY = YES;
				GCC_C_LANGUAGE_STANDARD = gnu11;
				GCC_DYNAMIC_NO_PIC = NO;
				GCC_NO_COMMON_BLOCKS = YES;
				GCC_OPTIMIZATION_LEVEL = 0;
				GCC_PREPROCESSOR_DEFINITIONS = (
					"DEBUG=1",
					"$(inherited)",
				);
				GCC_WARN_64_TO_32_BIT_CONVERSION = YES;
				GCC_WARN_ABOUT_RETURN_TYPE = YES_ERROR;
				GCC_WARN_UNDECLARED_SELECTOR = YES;
				GCC_WARN_UNINITIALIZED_AUTOS = YES_AGGRESSIVE;
				GCC_WARN_UNUSED_FUNCTION = YES;
				GCC_WARN_UNUSED_VARIABLE = YES;
				IPHONEOS_DEPLOYMENT_TARGET = 16.2;
				MTL_ENABLE_DEBUG_INFO = INCLUDE_SOURCE;
				MTL_FAST_MATH = YES;
				ONLY_ACTIVE_ARCH = YES;
				SDKROOT = iphoneos;
				SWIFT_ACTIVE_COMPILATION_CONDITIONS = DEBUG;
				SWIFT_OPTIMIZATION_LEVEL = "-Onone";
			};
			name = Debug;
		};
		671164F72A43A6C8008B309A /* Release */ = {
			isa = XCBuildConfiguration;
			buildSettings = {
				ALWAYS_SEARCH_USER_PATHS = NO;
				CLANG_ANALYZER_NONNULL = YES;
				CLANG_ANALYZER_NUMBER_OBJECT_CONVERSION = YES_AGGRESSIVE;
				CLANG_CXX_LANGUAGE_STANDARD = "gnu++20";
				CLANG_ENABLE_MODULES = YES;
				CLANG_ENABLE_OBJC_ARC = YES;
				CLANG_ENABLE_OBJC_WEAK = YES;
				CLANG_WARN_BLOCK_CAPTURE_AUTORELEASING = YES;
				CLANG_WARN_BOOL_CONVERSION = YES;
				CLANG_WARN_COMMA = YES;
				CLANG_WARN_CONSTANT_CONVERSION = YES;
				CLANG_WARN_DEPRECATED_OBJC_IMPLEMENTATIONS = YES;
				CLANG_WARN_DIRECT_OBJC_ISA_USAGE = YES_ERROR;
				CLANG_WARN_DOCUMENTATION_COMMENTS = YES;
				CLANG_WARN_EMPTY_BODY = YES;
				CLANG_WARN_ENUM_CONVERSION = YES;
				CLANG_WARN_INFINITE_RECURSION = YES;
				CLANG_WARN_INT_CONVERSION = YES;
				CLANG_WARN_NON_LITERAL_NULL_CONVERSION = YES;
				CLANG_WARN_OBJC_IMPLICIT_RETAIN_SELF = YES;
				CLANG_WARN_OBJC_LITERAL_CONVERSION = YES;
				CLANG_WARN_OBJC_ROOT_CLASS = YES_ERROR;
				CLANG_WARN_QUOTED_INCLUDE_IN_FRAMEWORK_HEADER = YES;
				CLANG_WARN_RANGE_LOOP_ANALYSIS = YES;
				CLANG_WARN_STRICT_PROTOTYPES = YES;
				CLANG_WARN_SUSPICIOUS_MOVE = YES;
				CLANG_WARN_UNGUARDED_AVAILABILITY = YES_AGGRESSIVE;
				CLANG_WARN_UNREACHABLE_CODE = YES;
				CLANG_WARN__DUPLICATE_METHOD_MATCH = YES;
				COPY_PHASE_STRIP = NO;
				DEBUG_INFORMATION_FORMAT = "dwarf-with-dsym";
				ENABLE_NS_ASSERTIONS = NO;
				ENABLE_STRICT_OBJC_MSGSEND = YES;
				GCC_C_LANGUAGE_STANDARD = gnu11;
				GCC_NO_COMMON_BLOCKS = YES;
				GCC_WARN_64_TO_32_BIT_CONVERSION = YES;
				GCC_WARN_ABOUT_RETURN_TYPE = YES_ERROR;
				GCC_WARN_UNDECLARED_SELECTOR = YES;
				GCC_WARN_UNINITIALIZED_AUTOS = YES_AGGRESSIVE;
				GCC_WARN_UNUSED_FUNCTION = YES;
				GCC_WARN_UNUSED_VARIABLE = YES;
				IPHONEOS_DEPLOYMENT_TARGET = 16.2;
				MTL_ENABLE_DEBUG_INFO = NO;
				MTL_FAST_MATH = YES;
				SDKROOT = iphoneos;
				SWIFT_COMPILATION_MODE = wholemodule;
				SWIFT_OPTIMIZATION_LEVEL = "-O";
				VALIDATE_PRODUCT = YES;
			};
			name = Release;
		};
		671164F92A43A6C8008B309A /* Debug */ = {
			isa = XCBuildConfiguration;
			baseConfigurationReference = D7E13D7DFEDEEC1545B22E68 /* Pods-Escola Sabatina.debug.xcconfig */;
			buildSettings = {
				ASSETCATALOG_COMPILER_APPICON_NAME = AppIcon;
				ASSETCATALOG_COMPILER_GLOBAL_ACCENT_COLOR_NAME = AccentColor;
				CODE_SIGN_STYLE = Automatic;
				CURRENT_PROJECT_VERSION = 1;
				GENERATE_INFOPLIST_FILE = YES;
				INFOPLIST_FILE = "Escola Sabatina/Info.plist";
				INFOPLIST_KEY_UIApplicationSupportsIndirectInputEvents = YES;
				INFOPLIST_KEY_UILaunchStoryboardName = "";
				INFOPLIST_KEY_UISupportedInterfaceOrientations_iPad = "UIInterfaceOrientationPortrait UIInterfaceOrientationPortraitUpsideDown UIInterfaceOrientationLandscapeLeft UIInterfaceOrientationLandscapeRight";
				INFOPLIST_KEY_UISupportedInterfaceOrientations_iPhone = "UIInterfaceOrientationPortrait UIInterfaceOrientationLandscapeLeft UIInterfaceOrientationLandscapeRight";
				LD_RUNPATH_SEARCH_PATHS = (
					"$(inherited)",
					"@executable_path/Frameworks",
				);
				MARKETING_VERSION = 1.0;
				PRODUCT_BUNDLE_IDENTIFIER = "Igloocode.Escola-Sabatina";
				PRODUCT_NAME = "$(TARGET_NAME)";
				SWIFT_EMIT_LOC_STRINGS = YES;
				SWIFT_VERSION = 5.0;
				TARGETED_DEVICE_FAMILY = "1,2";
			};
			name = Debug;
		};
		671164FA2A43A6C8008B309A /* Release */ = {
			isa = XCBuildConfiguration;
			baseConfigurationReference = EFC27ACC3FE039632595C055 /* Pods-Escola Sabatina.release.xcconfig */;
			buildSettings = {
				ASSETCATALOG_COMPILER_APPICON_NAME = AppIcon;
				ASSETCATALOG_COMPILER_GLOBAL_ACCENT_COLOR_NAME = AccentColor;
				CODE_SIGN_STYLE = Automatic;
				CURRENT_PROJECT_VERSION = 1;
				GENERATE_INFOPLIST_FILE = YES;
				INFOPLIST_FILE = "Escola Sabatina/Info.plist";
				INFOPLIST_KEY_UIApplicationSupportsIndirectInputEvents = YES;
				INFOPLIST_KEY_UILaunchStoryboardName = "";
				INFOPLIST_KEY_UISupportedInterfaceOrientations_iPad = "UIInterfaceOrientationPortrait UIInterfaceOrientationPortraitUpsideDown UIInterfaceOrientationLandscapeLeft UIInterfaceOrientationLandscapeRight";
				INFOPLIST_KEY_UISupportedInterfaceOrientations_iPhone = "UIInterfaceOrientationPortrait UIInterfaceOrientationLandscapeLeft UIInterfaceOrientationLandscapeRight";
				LD_RUNPATH_SEARCH_PATHS = (
					"$(inherited)",
					"@executable_path/Frameworks",
				);
				MARKETING_VERSION = 1.0;
				PRODUCT_BUNDLE_IDENTIFIER = "Igloocode.Escola-Sabatina";
				PRODUCT_NAME = "$(TARGET_NAME)";
				SWIFT_EMIT_LOC_STRINGS = YES;
				SWIFT_VERSION = 5.0;
				TARGETED_DEVICE_FAMILY = "1,2";
			};
			name = Release;
		};
		671164FC2A43A6C8008B309A /* Debug */ = {
			isa = XCBuildConfiguration;
			baseConfigurationReference = 02266C2B674E06376B18DB03 /* Pods-Escola SabatinaTests.debug.xcconfig */;
			buildSettings = {
				ALWAYS_EMBED_SWIFT_STANDARD_LIBRARIES = YES;
				BUNDLE_LOADER = "$(TEST_HOST)";
				CODE_SIGN_STYLE = Automatic;
				CURRENT_PROJECT_VERSION = 1;
				GENERATE_INFOPLIST_FILE = YES;
				IPHONEOS_DEPLOYMENT_TARGET = 16.2;
				MARKETING_VERSION = 1.0;
				PRODUCT_BUNDLE_IDENTIFIER = "Igloocode.Escola-SabatinaTests";
				PRODUCT_NAME = "$(TARGET_NAME)";
				SWIFT_EMIT_LOC_STRINGS = NO;
				SWIFT_VERSION = 5.0;
				TARGETED_DEVICE_FAMILY = "1,2";
				TEST_HOST = "$(BUILT_PRODUCTS_DIR)/Escola Sabatina.app/$(BUNDLE_EXECUTABLE_FOLDER_PATH)/Escola Sabatina";
			};
			name = Debug;
		};
		671164FD2A43A6C8008B309A /* Release */ = {
			isa = XCBuildConfiguration;
			baseConfigurationReference = 3436A59158233CD219AA386A /* Pods-Escola SabatinaTests.release.xcconfig */;
			buildSettings = {
				ALWAYS_EMBED_SWIFT_STANDARD_LIBRARIES = YES;
				BUNDLE_LOADER = "$(TEST_HOST)";
				CODE_SIGN_STYLE = Automatic;
				CURRENT_PROJECT_VERSION = 1;
				GENERATE_INFOPLIST_FILE = YES;
				IPHONEOS_DEPLOYMENT_TARGET = 16.2;
				MARKETING_VERSION = 1.0;
				PRODUCT_BUNDLE_IDENTIFIER = "Igloocode.Escola-SabatinaTests";
				PRODUCT_NAME = "$(TARGET_NAME)";
				SWIFT_EMIT_LOC_STRINGS = NO;
				SWIFT_VERSION = 5.0;
				TARGETED_DEVICE_FAMILY = "1,2";
				TEST_HOST = "$(BUILT_PRODUCTS_DIR)/Escola Sabatina.app/$(BUNDLE_EXECUTABLE_FOLDER_PATH)/Escola Sabatina";
			};
			name = Release;
		};
		671164FF2A43A6C8008B309A /* Debug */ = {
			isa = XCBuildConfiguration;
			baseConfigurationReference = F0AC31677F9E46411F3044DC /* Pods-Escola Sabatina-Escola SabatinaUITests.debug.xcconfig */;
			buildSettings = {
				ALWAYS_EMBED_SWIFT_STANDARD_LIBRARIES = YES;
				CODE_SIGN_STYLE = Automatic;
				CURRENT_PROJECT_VERSION = 1;
				GENERATE_INFOPLIST_FILE = YES;
				MARKETING_VERSION = 1.0;
				PRODUCT_BUNDLE_IDENTIFIER = "Igloocode.Escola-SabatinaUITests";
				PRODUCT_NAME = "$(TARGET_NAME)";
				SWIFT_EMIT_LOC_STRINGS = NO;
				SWIFT_VERSION = 5.0;
				TARGETED_DEVICE_FAMILY = "1,2";
				TEST_TARGET_NAME = "Escola Sabatina";
			};
			name = Debug;
		};
		671165002A43A6C8008B309A /* Release */ = {
			isa = XCBuildConfiguration;
			baseConfigurationReference = AE6CE48BF684F10CBEA02175 /* Pods-Escola Sabatina-Escola SabatinaUITests.release.xcconfig */;
			buildSettings = {
				ALWAYS_EMBED_SWIFT_STANDARD_LIBRARIES = YES;
				CODE_SIGN_STYLE = Automatic;
				CURRENT_PROJECT_VERSION = 1;
				GENERATE_INFOPLIST_FILE = YES;
				MARKETING_VERSION = 1.0;
				PRODUCT_BUNDLE_IDENTIFIER = "Igloocode.Escola-SabatinaUITests";
				PRODUCT_NAME = "$(TARGET_NAME)";
				SWIFT_EMIT_LOC_STRINGS = NO;
				SWIFT_VERSION = 5.0;
				TARGETED_DEVICE_FAMILY = "1,2";
				TEST_TARGET_NAME = "Escola Sabatina";
			};
			name = Release;
		};
/* End XCBuildConfiguration section */

/* Begin XCConfigurationList section */
		671164C92A43A6C5008B309A /* Build configuration list for PBXProject "Escola Sabatina" */ = {
			isa = XCConfigurationList;
			buildConfigurations = (
				671164F62A43A6C8008B309A /* Debug */,
				671164F72A43A6C8008B309A /* Release */,
			);
			defaultConfigurationIsVisible = 0;
			defaultConfigurationName = Release;
		};
		671164F82A43A6C8008B309A /* Build configuration list for PBXNativeTarget "Escola Sabatina" */ = {
			isa = XCConfigurationList;
			buildConfigurations = (
				671164F92A43A6C8008B309A /* Debug */,
				671164FA2A43A6C8008B309A /* Release */,
			);
			defaultConfigurationIsVisible = 0;
			defaultConfigurationName = Release;
		};
		671164FB2A43A6C8008B309A /* Build configuration list for PBXNativeTarget "Escola SabatinaTests" */ = {
			isa = XCConfigurationList;
			buildConfigurations = (
				671164FC2A43A6C8008B309A /* Debug */,
				671164FD2A43A6C8008B309A /* Release */,
			);
			defaultConfigurationIsVisible = 0;
			defaultConfigurationName = Release;
		};
		671164FE2A43A6C8008B309A /* Build configuration list for PBXNativeTarget "Escola SabatinaUITests" */ = {
			isa = XCConfigurationList;
			buildConfigurations = (
				671164FF2A43A6C8008B309A /* Debug */,
				671165002A43A6C8008B309A /* Release */,
			);
			defaultConfigurationIsVisible = 0;
			defaultConfigurationName = Release;
		};
/* End XCConfigurationList section */

/* Begin XCRemoteSwiftPackageReference section */
		676608EF2A45C691003E9A24 /* XCRemoteSwiftPackageReference "R.swift" */ = {
			isa = XCRemoteSwiftPackageReference;
			repositoryURL = "https://github.com/mac-cain13/R.swift.git";
			requirement = {
				kind = upToNextMajorVersion;
				minimumVersion = 7.0.0;
			};
		};
/* End XCRemoteSwiftPackageReference section */

/* Begin XCSwiftPackageProductDependency section */
		676608F02A45C691003E9A24 /* RswiftLibrary */ = {
			isa = XCSwiftPackageProductDependency;
			package = 676608EF2A45C691003E9A24 /* XCRemoteSwiftPackageReference "R.swift" */;
			productName = RswiftLibrary;
		};
		676608F22A45C6BD003E9A24 /* RswiftGenerateInternalResources */ = {
			isa = XCSwiftPackageProductDependency;
			productName = "plugin:RswiftGenerateInternalResources";
		};
/* End XCSwiftPackageProductDependency section */
	};
	rootObject = 671164C62A43A6C5008B309A /* Project object */;
}
